
Microsoft Visual Studio Solution File, Format Version 12.00
# Visual Studio Version 17
VisualStudioVersion = 17.12.35527.113 d17.12
MinimumVisualStudioVersion = 10.0.40219.1
Project("{FAE04EC0-301F-11D3-BF4B-00C04F79EFBC}") = "NetCore.Crud.Web", "NetCore.Crud.Web\NetCore.Crud.Web.csproj", "{30D51881-C8A1-4023-BDAE-8111F3CB610A}"
EndProject
Global
	GlobalSection(SolutionConfigurationPlatforms) = preSolution
		Debug|Any CPU = Debug|Any CPU
		Release|Any CPU = Release|Any CPU
	EndGlobalSection
	GlobalSection(ProjectConfigurationPlatforms) = postSolution
		{30D51881-C8A1-4023-BDAE-8111F3CB610A}.Debug|Any CPU.ActiveCfg = Debug|Any CPU
		{30D51881-C8A1-4023-BDAE-8111F3CB610A}.Debug|Any CPU.Build.0 = Debug|Any CPU
		{30D51881-C8A1-4023-BDAE-8111F3CB610A}.Release|Any CPU.ActiveCfg = Release|Any CPU
		{30D51881-C8A1-4023-BDAE-8111F3CB610A}.Release|Any CPU.Build.0 = Release|Any CPU
	EndGlobalSection
	GlobalSection(SolutionProperties) = preSolution
		HideSolutionNode = FALSE
	EndGlobalSection
EndGlobal
